
Microsoft Visual Studio Solution File, Format Version 12.00
# Visual Studio 2013
VisualStudioVersion = 12.0.21005.1
MinimumVisualStudioVersion = 10.0.40219.1
Project("{FAE04EC0-301F-11D3-BF4B-00C04F79EFBC}") = "ImportData", "ImportData\ImportData.csproj", "{C9FDEDF4-5AB2-4A09-842C-91ACC4484624}"
EndProject
Project("{FAE04EC0-301F-11D3-BF4B-00C04F79EFBC}") = "ILSample", "ILSample\ILSample.csproj", "{52331F77-F554-4FB3-8682-113EA51E4664}"
EndProject
Project("{FAE04EC0-301F-11D3-BF4B-00C04F79EFBC}") = "CGReportSample", "CGReportSample\CGReportSample.csproj", "{F2602C45-B351-423E-B3E9-E74A38DE2A82}"
EndProject
Project("{FAE04EC0-301F-11D3-BF4B-00C04F79EFBC}") = "XMLSample", "XMLSample\XMLSample.csproj", "{06DD97F7-A1FF-4EAC-A8F8-B285D12F05F2}"
EndProject
Project("{FAE04EC0-301F-11D3-BF4B-00C04F79EFBC}") = "ScriptExcute", "ScriptExcute\ScriptExcute.csproj", "{FE3D68B3-54B1-4AAF-97F0-60574C298897}"
EndProject
Project("{FAE04EC0-301F-11D3-BF4B-00C04F79EFBC}") = "RunDynamicCode", "RunDynamicCode\RunDynamicCode.csproj", "{2A275005-AA4B-49E0-BDA4-07917D16DF4C}"
EndProject
Project("{FAE04EC0-301F-11D3-BF4B-00C04F79EFBC}") = "Nunit", "Nunit\Nunit.csproj", "{8D93487A-777A-4805-A177-CBA6A812FCD1}"
EndProject
Project("{FAE04EC0-301F-11D3-BF4B-00C04F79EFBC}") = "JSON", "JSON\JSON.csproj", "{84E0305A-D467-49F8-BA9A-ADC8F8DBAD7B}"
EndProject
Project("{FAE04EC0-301F-11D3-BF4B-00C04F79EFBC}") = "TypeSample", "TypeSample\TypeSample.csproj", "{20872CAA-3586-41EA-9FF5-051C22EE7CA4}"
EndProject
Project("{FAE04EC0-301F-11D3-BF4B-00C04F79EFBC}") = "Expression", "Expression\Expression.csproj", "{BF7B6137-978B-4309-9FE8-E7322E721A3B}"
EndProject
Project("{FAE04EC0-301F-11D3-BF4B-00C04F79EFBC}") = "DataTableSample", "DataTableSample\DataTableSample.csproj", "{D77737F3-DC43-4C39-AB9E-58C4F990415F}"
EndProject
Project("{FAE04EC0-301F-11D3-BF4B-00C04F79EFBC}") = "HashtableToHtml", "HashtableToHtml\HashtableToHtml.csproj", "{122F4C21-67DC-49FB-AFD2-FE1CAD06F86F}"
EndProject
Project("{FAE04EC0-301F-11D3-BF4B-00C04F79EFBC}") = "WebFormSample", "WebSample\WebFormSample.csproj", "{556A2AA7-BFA8-40B7-8C3A-80BF01D336EE}"
EndProject
Project("{FAE04EC0-301F-11D3-BF4B-00C04F79EFBC}") = "CreateDataUseEF", "CreateDataUseEF\CreateDataUseEF.csproj", "{2F84DE87-2096-44E0-A46F-6EE92916C49F}"
EndProject
Project("{FAE04EC0-301F-11D3-BF4B-00C04F79EFBC}") = "JQueryEasyUI", "JQueryEasyUI\JQueryEasyUI.csproj", "{58C31EEF-8C73-4FA3-B835-75F611A2FD1A}"
EndProject
Project("{2150E333-8FDC-42A3-9474-1A3956D46DE8}") = ".nuget", ".nuget", "{89238754-E82C-4E9A-9B88-ABF111DF674D}"
	ProjectSection(SolutionItems) = preProject
		.nuget\NuGet.Config = .nuget\NuGet.Config
		.nuget\NuGet.exe = .nuget\NuGet.exe
		.nuget\NuGet.targets = .nuget\NuGet.targets
	EndProjectSection
EndProject
Project("{FAE04EC0-301F-11D3-BF4B-00C04F79EFBC}") = "ExceptionSample", "ExceptionSample\ExceptionSample.csproj", "{D5FF4E6A-788F-4193-B75A-95D3DB88EBC8}"
EndProject
Project("{2150E333-8FDC-42A3-9474-1A3956D46DE8}") = "LogSample", "LogSample", "{D768F544-B122-49AF-B0B2-DB4D2BC765AC}"
EndProject
Project("{2150E333-8FDC-42A3-9474-1A3956D46DE8}") = "Log4net", "Log4net", "{A618E92E-5AF3-4E47-821A-16BACA133CFE}"
EndProject
Project("{FAE04EC0-301F-11D3-BF4B-00C04F79EFBC}") = "log4netTest_RollingLogFileAppender", "log4netTest_RollingLogFileAppender\log4netTest_RollingLogFileAppender.csproj", "{F68B7096-6BAA-49E3-B40E-409CEEA18401}"
EndProject
Project("{FAE04EC0-301F-11D3-BF4B-00C04F79EFBC}") = "logTest", "logTest\logTest.csproj", "{95C0B890-4442-4D07-9E7B-50278C1CE421}"
EndProject
Project("{FAE04EC0-301F-11D3-BF4B-00C04F79EFBC}") = "logToAccess", "logToAccess\logToAccess.csproj", "{C1F8A0CE-C84E-455C-8F86-861667F4FBE7}"
EndProject
Project("{FAE04EC0-301F-11D3-BF4B-00C04F79EFBC}") = "logToSqlserver", "logToSqlserver\logToSqlserver.csproj", "{0B059BD9-552A-481F-86AE-BC446AC2A2F0}"
EndProject
Project("{2150E333-8FDC-42A3-9474-1A3956D46DE8}") = "Web", "Web", "{F3F7214C-18C1-4735-9CBA-DFA12BC623C4}"
EndProject
Project("{2150E333-8FDC-42A3-9474-1A3956D46DE8}") = "ExportImport", "ExportImport", "{326E39FC-94D4-4D5D-BDB3-7DDAA81AAAD2}"
EndProject
Project("{FAE04EC0-301F-11D3-BF4B-00C04F79EFBC}") = "MVCSample", "MVCSample\MVCSample.csproj", "{CECB90A8-A1FB-4A51-BE71-7D9E5651FAF4}"
EndProject
Project("{FAE04EC0-301F-11D3-BF4B-00C04F79EFBC}") = "Simple.Common", "Simple.Common\Simple.Common.csproj", "{5F48A51C-E8F5-48E2-8BDD-625EF00D11B8}"
EndProject
Project("{FAE04EC0-301F-11D3-BF4B-00C04F79EFBC}") = "EntityGenerator", "EntityGenerator\EntityGenerator.csproj", "{0055E74E-81CA-46ED-9173-B14D422807D3}"
EndProject
Project("{2150E333-8FDC-42A3-9474-1A3956D46DE8}") = "Common", "Common", "{8AF863CD-26A2-414C-B3FB-465FBBA726D5}"
EndProject
Project("{2150E333-8FDC-42A3-9474-1A3956D46DE8}") = "ORM", "ORM", "{7E7BD66F-1F10-48AA-A5E5-D443BF6710A1}"
EndProject
Project("{FAE04EC0-301F-11D3-BF4B-00C04F79EFBC}") = "CodeGenerator", "CodeGenerator\CodeGenerator.csproj", "{3616DC8F-1BE6-4A25-BB55-A7FD49B2CFBD}"
EndProject
Global
	GlobalSection(SolutionConfigurationPlatforms) = preSolution
		Debug|Any CPU = Debug|Any CPU
		Debug|Mixed Platforms = Debug|Mixed Platforms
		Debug|x86 = Debug|x86
		Release|Any CPU = Release|Any CPU
		Release|Mixed Platforms = Release|Mixed Platforms
		Release|x86 = Release|x86
	EndGlobalSection
	GlobalSection(ProjectConfigurationPlatforms) = postSolution
		{C9FDEDF4-5AB2-4A09-842C-91ACC4484624}.Debug|Any CPU.ActiveCfg = Debug|Any CPU
		{C9FDEDF4-5AB2-4A09-842C-91ACC4484624}.Debug|Any CPU.Build.0 = Debug|Any CPU
		{C9FDEDF4-5AB2-4A09-842C-91ACC4484624}.Debug|Mixed Platforms.ActiveCfg = Debug|Any CPU
		{C9FDEDF4-5AB2-4A09-842C-91ACC4484624}.Debug|x86.ActiveCfg = Debug|Any CPU
		{C9FDEDF4-5AB2-4A09-842C-91ACC4484624}.Release|Any CPU.ActiveCfg = Release|Any CPU
		{C9FDEDF4-5AB2-4A09-842C-91ACC4484624}.Release|Any CPU.Build.0 = Release|Any CPU
		{C9FDEDF4-5AB2-4A09-842C-91ACC4484624}.Release|Mixed Platforms.ActiveCfg = Release|Any CPU
		{C9FDEDF4-5AB2-4A09-842C-91ACC4484624}.Release|x86.ActiveCfg = Release|Any CPU
		{52331F77-F554-4FB3-8682-113EA51E4664}.Debug|Any CPU.ActiveCfg = Debug|Any CPU
		{52331F77-F554-4FB3-8682-113EA51E4664}.Debug|Any CPU.Build.0 = Debug|Any CPU
		{52331F77-F554-4FB3-8682-113EA51E4664}.Debug|Mixed Platforms.ActiveCfg = Debug|Any CPU
		{52331F77-F554-4FB3-8682-113EA51E4664}.Debug|x86.ActiveCfg = Debug|Any CPU
		{52331F77-F554-4FB3-8682-113EA51E4664}.Release|Any CPU.ActiveCfg = Release|Any CPU
		{52331F77-F554-4FB3-8682-113EA51E4664}.Release|Any CPU.Build.0 = Release|Any CPU
		{52331F77-F554-4FB3-8682-113EA51E4664}.Release|Mixed Platforms.ActiveCfg = Release|Any CPU
		{52331F77-F554-4FB3-8682-113EA51E4664}.Release|x86.ActiveCfg = Release|Any CPU
		{F2602C45-B351-423E-B3E9-E74A38DE2A82}.Debug|Any CPU.ActiveCfg = Debug|Any CPU
		{F2602C45-B351-423E-B3E9-E74A38DE2A82}.Debug|Any CPU.Build.0 = Debug|Any CPU
		{F2602C45-B351-423E-B3E9-E74A38DE2A82}.Debug|Mixed Platforms.ActiveCfg = Debug|Any CPU
		{F2602C45-B351-423E-B3E9-E74A38DE2A82}.Debug|x86.ActiveCfg = Debug|Any CPU
		{F2602C45-B351-423E-B3E9-E74A38DE2A82}.Release|Any CPU.ActiveCfg = Release|Any CPU
		{F2602C45-B351-423E-B3E9-E74A38DE2A82}.Release|Any CPU.Build.0 = Release|Any CPU
		{F2602C45-B351-423E-B3E9-E74A38DE2A82}.Release|Mixed Platforms.ActiveCfg = Release|Any CPU
		{F2602C45-B351-423E-B3E9-E74A38DE2A82}.Release|x86.ActiveCfg = Release|Any CPU
		{06DD97F7-A1FF-4EAC-A8F8-B285D12F05F2}.Debug|Any CPU.ActiveCfg = Debug|Any CPU
		{06DD97F7-A1FF-4EAC-A8F8-B285D12F05F2}.Debug|Any CPU.Build.0 = Debug|Any CPU
		{06DD97F7-A1FF-4EAC-A8F8-B285D12F05F2}.Debug|Mixed Platforms.ActiveCfg = Debug|Any CPU
		{06DD97F7-A1FF-4EAC-A8F8-B285D12F05F2}.Debug|x86.ActiveCfg = Debug|Any CPU
		{06DD97F7-A1FF-4EAC-A8F8-B285D12F05F2}.Release|Any CPU.ActiveCfg = Release|Any CPU
		{06DD97F7-A1FF-4EAC-A8F8-B285D12F05F2}.Release|Any CPU.Build.0 = Release|Any CPU
		{06DD97F7-A1FF-4EAC-A8F8-B285D12F05F2}.Release|Mixed Platforms.ActiveCfg = Release|Any CPU
		{06DD97F7-A1FF-4EAC-A8F8-B285D12F05F2}.Release|x86.ActiveCfg = Release|Any CPU
		{FE3D68B3-54B1-4AAF-97F0-60574C298897}.Debug|Any CPU.ActiveCfg = Debug|Any CPU
		{FE3D68B3-54B1-4AAF-97F0-60574C298897}.Debug|Any CPU.Build.0 = Debug|Any CPU
		{FE3D68B3-54B1-4AAF-97F0-60574C298897}.Debug|Mixed Platforms.ActiveCfg = Debug|Any CPU
		{FE3D68B3-54B1-4AAF-97F0-60574C298897}.Debug|x86.ActiveCfg = Debug|Any CPU
		{FE3D68B3-54B1-4AAF-97F0-60574C298897}.Release|Any CPU.ActiveCfg = Release|Any CPU
		{FE3D68B3-54B1-4AAF-97F0-60574C298897}.Release|Any CPU.Build.0 = Release|Any CPU
		{FE3D68B3-54B1-4AAF-97F0-60574C298897}.Release|Mixed Platforms.ActiveCfg = Release|Any CPU
		{FE3D68B3-54B1-4AAF-97F0-60574C298897}.Release|x86.ActiveCfg = Release|Any CPU
		{2A275005-AA4B-49E0-BDA4-07917D16DF4C}.Debug|Any CPU.ActiveCfg = Debug|Any CPU
		{2A275005-AA4B-49E0-BDA4-07917D16DF4C}.Debug|Any CPU.Build.0 = Debug|Any CPU
		{2A275005-AA4B-49E0-BDA4-07917D16DF4C}.Debug|Mixed Platforms.ActiveCfg = Debug|Any CPU
		{2A275005-AA4B-49E0-BDA4-07917D16DF4C}.Debug|x86.ActiveCfg = Debug|Any CPU
		{2A275005-AA4B-49E0-BDA4-07917D16DF4C}.Release|Any CPU.ActiveCfg = Release|Any CPU
		{2A275005-AA4B-49E0-BDA4-07917D16DF4C}.Release|Any CPU.Build.0 = Release|Any CPU
		{2A275005-AA4B-49E0-BDA4-07917D16DF4C}.Release|Mixed Platforms.ActiveCfg = Release|Any CPU
		{2A275005-AA4B-49E0-BDA4-07917D16DF4C}.Release|x86.ActiveCfg = Release|Any CPU
		{8D93487A-777A-4805-A177-CBA6A812FCD1}.Debug|Any CPU.ActiveCfg = Debug|Any CPU
		{8D93487A-777A-4805-A177-CBA6A812FCD1}.Debug|Any CPU.Build.0 = Debug|Any CPU
		{8D93487A-777A-4805-A177-CBA6A812FCD1}.Debug|Mixed Platforms.ActiveCfg = Debug|Any CPU
		{8D93487A-777A-4805-A177-CBA6A812FCD1}.Debug|x86.ActiveCfg = Debug|Any CPU
		{8D93487A-777A-4805-A177-CBA6A812FCD1}.Release|Any CPU.ActiveCfg = Release|Any CPU
		{8D93487A-777A-4805-A177-CBA6A812FCD1}.Release|Any CPU.Build.0 = Release|Any CPU
		{8D93487A-777A-4805-A177-CBA6A812FCD1}.Release|Mixed Platforms.ActiveCfg = Release|Any CPU
		{8D93487A-777A-4805-A177-CBA6A812FCD1}.Release|x86.ActiveCfg = Release|Any CPU
		{84E0305A-D467-49F8-BA9A-ADC8F8DBAD7B}.Debug|Any CPU.ActiveCfg = Debug|Any CPU
		{84E0305A-D467-49F8-BA9A-ADC8F8DBAD7B}.Debug|Any CPU.Build.0 = Debug|Any CPU
		{84E0305A-D467-49F8-BA9A-ADC8F8DBAD7B}.Debug|Mixed Platforms.ActiveCfg = Debug|Any CPU
		{84E0305A-D467-49F8-BA9A-ADC8F8DBAD7B}.Debug|x86.ActiveCfg = Debug|Any CPU
		{84E0305A-D467-49F8-BA9A-ADC8F8DBAD7B}.Release|Any CPU.ActiveCfg = Release|Any CPU
		{84E0305A-D467-49F8-BA9A-ADC8F8DBAD7B}.Release|Any CPU.Build.0 = Release|Any CPU
		{84E0305A-D467-49F8-BA9A-ADC8F8DBAD7B}.Release|Mixed Platforms.ActiveCfg = Release|Any CPU
		{84E0305A-D467-49F8-BA9A-ADC8F8DBAD7B}.Release|x86.ActiveCfg = Release|Any CPU
		{20872CAA-3586-41EA-9FF5-051C22EE7CA4}.Debug|Any CPU.ActiveCfg = Debug|Any CPU
		{20872CAA-3586-41EA-9FF5-051C22EE7CA4}.Debug|Any CPU.Build.0 = Debug|Any CPU
		{20872CAA-3586-41EA-9FF5-051C22EE7CA4}.Debug|Mixed Platforms.ActiveCfg = Debug|Any CPU
		{20872CAA-3586-41EA-9FF5-051C22EE7CA4}.Debug|x86.ActiveCfg = Debug|Any CPU
		{20872CAA-3586-41EA-9FF5-051C22EE7CA4}.Release|Any CPU.ActiveCfg = Release|Any CPU
		{20872CAA-3586-41EA-9FF5-051C22EE7CA4}.Release|Any CPU.Build.0 = Release|Any CPU
		{20872CAA-3586-41EA-9FF5-051C22EE7CA4}.Release|Mixed Platforms.ActiveCfg = Release|Any CPU
		{20872CAA-3586-41EA-9FF5-051C22EE7CA4}.Release|x86.ActiveCfg = Release|Any CPU
		{BF7B6137-978B-4309-9FE8-E7322E721A3B}.Debug|Any CPU.ActiveCfg = Debug|Any CPU
		{BF7B6137-978B-4309-9FE8-E7322E721A3B}.Debug|Any CPU.Build.0 = Debug|Any CPU
		{BF7B6137-978B-4309-9FE8-E7322E721A3B}.Debug|Mixed Platforms.ActiveCfg = Debug|Any CPU
		{BF7B6137-978B-4309-9FE8-E7322E721A3B}.Debug|x86.ActiveCfg = Debug|Any CPU
		{BF7B6137-978B-4309-9FE8-E7322E721A3B}.Release|Any CPU.ActiveCfg = Release|Any CPU
		{BF7B6137-978B-4309-9FE8-E7322E721A3B}.Release|Any CPU.Build.0 = Release|Any CPU
		{BF7B6137-978B-4309-9FE8-E7322E721A3B}.Release|Mixed Platforms.ActiveCfg = Release|Any CPU
		{BF7B6137-978B-4309-9FE8-E7322E721A3B}.Release|x86.ActiveCfg = Release|Any CPU
		{D77737F3-DC43-4C39-AB9E-58C4F990415F}.Debug|Any CPU.ActiveCfg = Debug|Any CPU
		{D77737F3-DC43-4C39-AB9E-58C4F990415F}.Debug|Any CPU.Build.0 = Debug|Any CPU
		{D77737F3-DC43-4C39-AB9E-58C4F990415F}.Debug|Mixed Platforms.ActiveCfg = Debug|Any CPU
		{D77737F3-DC43-4C39-AB9E-58C4F990415F}.Debug|x86.ActiveCfg = Debug|Any CPU
		{D77737F3-DC43-4C39-AB9E-58C4F990415F}.Release|Any CPU.ActiveCfg = Release|Any CPU
		{D77737F3-DC43-4C39-AB9E-58C4F990415F}.Release|Any CPU.Build.0 = Release|Any CPU
		{D77737F3-DC43-4C39-AB9E-58C4F990415F}.Release|Mixed Platforms.ActiveCfg = Release|Any CPU
		{D77737F3-DC43-4C39-AB9E-58C4F990415F}.Release|x86.ActiveCfg = Release|Any CPU
		{122F4C21-67DC-49FB-AFD2-FE1CAD06F86F}.Debug|Any CPU.ActiveCfg = Debug|Any CPU
		{122F4C21-67DC-49FB-AFD2-FE1CAD06F86F}.Debug|Any CPU.Build.0 = Debug|Any CPU
		{122F4C21-67DC-49FB-AFD2-FE1CAD06F86F}.Debug|Mixed Platforms.ActiveCfg = Debug|Any CPU
		{122F4C21-67DC-49FB-AFD2-FE1CAD06F86F}.Debug|x86.ActiveCfg = Debug|Any CPU
		{122F4C21-67DC-49FB-AFD2-FE1CAD06F86F}.Release|Any CPU.ActiveCfg = Release|Any CPU
		{122F4C21-67DC-49FB-AFD2-FE1CAD06F86F}.Release|Any CPU.Build.0 = Release|Any CPU
		{122F4C21-67DC-49FB-AFD2-FE1CAD06F86F}.Release|Mixed Platforms.ActiveCfg = Release|Any CPU
		{122F4C21-67DC-49FB-AFD2-FE1CAD06F86F}.Release|x86.ActiveCfg = Release|Any CPU
		{556A2AA7-BFA8-40B7-8C3A-80BF01D336EE}.Debug|Any CPU.ActiveCfg = Debug|Any CPU
		{556A2AA7-BFA8-40B7-8C3A-80BF01D336EE}.Debug|Any CPU.Build.0 = Debug|Any CPU
		{556A2AA7-BFA8-40B7-8C3A-80BF01D336EE}.Debug|Mixed Platforms.ActiveCfg = Debug|Any CPU
		{556A2AA7-BFA8-40B7-8C3A-80BF01D336EE}.Debug|Mixed Platforms.Build.0 = Debug|Any CPU
		{556A2AA7-BFA8-40B7-8C3A-80BF01D336EE}.Debug|x86.ActiveCfg = Debug|Any CPU
		{556A2AA7-BFA8-40B7-8C3A-80BF01D336EE}.Release|Any CPU.ActiveCfg = Release|Any CPU
		{556A2AA7-BFA8-40B7-8C3A-80BF01D336EE}.Release|Any CPU.Build.0 = Release|Any CPU
		{556A2AA7-BFA8-40B7-8C3A-80BF01D336EE}.Release|Mixed Platforms.ActiveCfg = Release|Any CPU
		{556A2AA7-BFA8-40B7-8C3A-80BF01D336EE}.Release|Mixed Platforms.Build.0 = Release|Any CPU
		{556A2AA7-BFA8-40B7-8C3A-80BF01D336EE}.Release|x86.ActiveCfg = Release|Any CPU
		{2F84DE87-2096-44E0-A46F-6EE92916C49F}.Debug|Any CPU.ActiveCfg = Debug|Any CPU
		{2F84DE87-2096-44E0-A46F-6EE92916C49F}.Debug|Any CPU.Build.0 = Debug|Any CPU
		{2F84DE87-2096-44E0-A46F-6EE92916C49F}.Debug|Mixed Platforms.ActiveCfg = Debug|Any CPU
		{2F84DE87-2096-44E0-A46F-6EE92916C49F}.Debug|x86.ActiveCfg = Debug|Any CPU
		{2F84DE87-2096-44E0-A46F-6EE92916C49F}.Release|Any CPU.ActiveCfg = Release|Any CPU
		{2F84DE87-2096-44E0-A46F-6EE92916C49F}.Release|Any CPU.Build.0 = Release|Any CPU
		{2F84DE87-2096-44E0-A46F-6EE92916C49F}.Release|Mixed Platforms.ActiveCfg = Release|Any CPU
		{2F84DE87-2096-44E0-A46F-6EE92916C49F}.Release|x86.ActiveCfg = Release|Any CPU
		{58C31EEF-8C73-4FA3-B835-75F611A2FD1A}.Debug|Any CPU.ActiveCfg = Debug|Any CPU
		{58C31EEF-8C73-4FA3-B835-75F611A2FD1A}.Debug|Any CPU.Build.0 = Debug|Any CPU
		{58C31EEF-8C73-4FA3-B835-75F611A2FD1A}.Debug|Mixed Platforms.ActiveCfg = Debug|Any CPU
		{58C31EEF-8C73-4FA3-B835-75F611A2FD1A}.Debug|Mixed Platforms.Build.0 = Debug|Any CPU
		{58C31EEF-8C73-4FA3-B835-75F611A2FD1A}.Debug|x86.ActiveCfg = Debug|Any CPU
		{58C31EEF-8C73-4FA3-B835-75F611A2FD1A}.Release|Any CPU.ActiveCfg = Release|Any CPU
		{58C31EEF-8C73-4FA3-B835-75F611A2FD1A}.Release|Any CPU.Build.0 = Release|Any CPU
		{58C31EEF-8C73-4FA3-B835-75F611A2FD1A}.Release|Mixed Platforms.ActiveCfg = Release|Any CPU
		{58C31EEF-8C73-4FA3-B835-75F611A2FD1A}.Release|Mixed Platforms.Build.0 = Release|Any CPU
		{58C31EEF-8C73-4FA3-B835-75F611A2FD1A}.Release|x86.ActiveCfg = Release|Any CPU
		{D5FF4E6A-788F-4193-B75A-95D3DB88EBC8}.Debug|Any CPU.ActiveCfg = Debug|Any CPU
		{D5FF4E6A-788F-4193-B75A-95D3DB88EBC8}.Debug|Any CPU.Build.0 = Debug|Any CPU
		{D5FF4E6A-788F-4193-B75A-95D3DB88EBC8}.Debug|Mixed Platforms.ActiveCfg = Debug|Any CPU
		{D5FF4E6A-788F-4193-B75A-95D3DB88EBC8}.Debug|Mixed Platforms.Build.0 = Debug|Any CPU
		{D5FF4E6A-788F-4193-B75A-95D3DB88EBC8}.Debug|x86.ActiveCfg = Debug|Any CPU
		{D5FF4E6A-788F-4193-B75A-95D3DB88EBC8}.Release|Any CPU.ActiveCfg = Release|Any CPU
		{D5FF4E6A-788F-4193-B75A-95D3DB88EBC8}.Release|Any CPU.Build.0 = Release|Any CPU
		{D5FF4E6A-788F-4193-B75A-95D3DB88EBC8}.Release|Mixed Platforms.ActiveCfg = Release|Any CPU
		{D5FF4E6A-788F-4193-B75A-95D3DB88EBC8}.Release|Mixed Platforms.Build.0 = Release|Any CPU
		{D5FF4E6A-788F-4193-B75A-95D3DB88EBC8}.Release|x86.ActiveCfg = Release|Any CPU
		{F68B7096-6BAA-49E3-B40E-409CEEA18401}.Debug|Any CPU.ActiveCfg = Debug|x86
		{F68B7096-6BAA-49E3-B40E-409CEEA18401}.Debug|Mixed Platforms.ActiveCfg = Debug|x86
		{F68B7096-6BAA-49E3-B40E-409CEEA18401}.Debug|Mixed Platforms.Build.0 = Debug|x86
		{F68B7096-6BAA-49E3-B40E-409CEEA18401}.Debug|x86.ActiveCfg = Debug|x86
		{F68B7096-6BAA-49E3-B40E-409CEEA18401}.Debug|x86.Build.0 = Debug|x86
		{F68B7096-6BAA-49E3-B40E-409CEEA18401}.Release|Any CPU.ActiveCfg = Release|x86
		{F68B7096-6BAA-49E3-B40E-409CEEA18401}.Release|Mixed Platforms.ActiveCfg = Release|x86
		{F68B7096-6BAA-49E3-B40E-409CEEA18401}.Release|Mixed Platforms.Build.0 = Release|x86
		{F68B7096-6BAA-49E3-B40E-409CEEA18401}.Release|x86.ActiveCfg = Release|x86
		{F68B7096-6BAA-49E3-B40E-409CEEA18401}.Release|x86.Build.0 = Release|x86
		{95C0B890-4442-4D07-9E7B-50278C1CE421}.Debug|Any CPU.ActiveCfg = Debug|Any CPU
		{95C0B890-4442-4D07-9E7B-50278C1CE421}.Debug|Any CPU.Build.0 = Debug|Any CPU
		{95C0B890-4442-4D07-9E7B-50278C1CE421}.Debug|Mixed Platforms.ActiveCfg = Debug|Any CPU
		{95C0B890-4442-4D07-9E7B-50278C1CE421}.Debug|Mixed Platforms.Build.0 = Debug|Any CPU
		{95C0B890-4442-4D07-9E7B-50278C1CE421}.Debug|x86.ActiveCfg = Debug|Any CPU
		{95C0B890-4442-4D07-9E7B-50278C1CE421}.Release|Any CPU.ActiveCfg = Release|Any CPU
		{95C0B890-4442-4D07-9E7B-50278C1CE421}.Release|Any CPU.Build.0 = Release|Any CPU
		{95C0B890-4442-4D07-9E7B-50278C1CE421}.Release|Mixed Platforms.ActiveCfg = Release|Any CPU
		{95C0B890-4442-4D07-9E7B-50278C1CE421}.Release|Mixed Platforms.Build.0 = Release|Any CPU
		{95C0B890-4442-4D07-9E7B-50278C1CE421}.Release|x86.ActiveCfg = Release|Any CPU
		{C1F8A0CE-C84E-455C-8F86-861667F4FBE7}.Debug|Any CPU.ActiveCfg = Debug|Any CPU
		{C1F8A0CE-C84E-455C-8F86-861667F4FBE7}.Debug|Any CPU.Build.0 = Debug|Any CPU
		{C1F8A0CE-C84E-455C-8F86-861667F4FBE7}.Debug|Mixed Platforms.ActiveCfg = Debug|Any CPU
		{C1F8A0CE-C84E-455C-8F86-861667F4FBE7}.Debug|Mixed Platforms.Build.0 = Debug|Any CPU
		{C1F8A0CE-C84E-455C-8F86-861667F4FBE7}.Debug|x86.ActiveCfg = Debug|Any CPU
		{C1F8A0CE-C84E-455C-8F86-861667F4FBE7}.Release|Any CPU.ActiveCfg = Release|Any CPU
		{C1F8A0CE-C84E-455C-8F86-861667F4FBE7}.Release|Any CPU.Build.0 = Release|Any CPU
		{C1F8A0CE-C84E-455C-8F86-861667F4FBE7}.Release|Mixed Platforms.ActiveCfg = Release|Any CPU
		{C1F8A0CE-C84E-455C-8F86-861667F4FBE7}.Release|Mixed Platforms.Build.0 = Release|Any CPU
		{C1F8A0CE-C84E-455C-8F86-861667F4FBE7}.Release|x86.ActiveCfg = Release|Any CPU
		{0B059BD9-552A-481F-86AE-BC446AC2A2F0}.Debug|Any CPU.ActiveCfg = Debug|Any CPU
		{0B059BD9-552A-481F-86AE-BC446AC2A2F0}.Debug|Any CPU.Build.0 = Debug|Any CPU
		{0B059BD9-552A-481F-86AE-BC446AC2A2F0}.Debug|Mixed Platforms.ActiveCfg = Debug|Any CPU
		{0B059BD9-552A-481F-86AE-BC446AC2A2F0}.Debug|Mixed Platforms.Build.0 = Debug|Any CPU
		{0B059BD9-552A-481F-86AE-BC446AC2A2F0}.Debug|x86.ActiveCfg = Debug|Any CPU
		{0B059BD9-552A-481F-86AE-BC446AC2A2F0}.Release|Any CPU.ActiveCfg = Release|Any CPU
		{0B059BD9-552A-481F-86AE-BC446AC2A2F0}.Release|Any CPU.Build.0 = Release|Any CPU
		{0B059BD9-552A-481F-86AE-BC446AC2A2F0}.Release|Mixed Platforms.ActiveCfg = Release|Any CPU
		{0B059BD9-552A-481F-86AE-BC446AC2A2F0}.Release|Mixed Platforms.Build.0 = Release|Any CPU
		{0B059BD9-552A-481F-86AE-BC446AC2A2F0}.Release|x86.ActiveCfg = Release|Any CPU
		{CECB90A8-A1FB-4A51-BE71-7D9E5651FAF4}.Debug|Any CPU.ActiveCfg = Debug|Any CPU
		{CECB90A8-A1FB-4A51-BE71-7D9E5651FAF4}.Debug|Any CPU.Build.0 = Debug|Any CPU
		{CECB90A8-A1FB-4A51-BE71-7D9E5651FAF4}.Debug|Mixed Platforms.ActiveCfg = Debug|Any CPU
		{CECB90A8-A1FB-4A51-BE71-7D9E5651FAF4}.Debug|Mixed Platforms.Build.0 = Debug|Any CPU
		{CECB90A8-A1FB-4A51-BE71-7D9E5651FAF4}.Debug|x86.ActiveCfg = Debug|Any CPU
		{CECB90A8-A1FB-4A51-BE71-7D9E5651FAF4}.Release|Any CPU.ActiveCfg = Release|Any CPU
		{CECB90A8-A1FB-4A51-BE71-7D9E5651FAF4}.Release|Any CPU.Build.0 = Release|Any CPU
		{CECB90A8-A1FB-4A51-BE71-7D9E5651FAF4}.Release|Mixed Platforms.ActiveCfg = Release|Any CPU
		{CECB90A8-A1FB-4A51-BE71-7D9E5651FAF4}.Release|Mixed Platforms.Build.0 = Release|Any CPU
		{CECB90A8-A1FB-4A51-BE71-7D9E5651FAF4}.Release|x86.ActiveCfg = Release|Any CPU
		{5F48A51C-E8F5-48E2-8BDD-625EF00D11B8}.Debug|Any CPU.ActiveCfg = Debug|Any CPU
		{5F48A51C-E8F5-48E2-8BDD-625EF00D11B8}.Debug|Any CPU.Build.0 = Debug|Any CPU
		{5F48A51C-E8F5-48E2-8BDD-625EF00D11B8}.Debug|Mixed Platforms.ActiveCfg = Debug|Any CPU
		{5F48A51C-E8F5-48E2-8BDD-625EF00D11B8}.Debug|Mixed Platforms.Build.0 = Debug|Any CPU
		{5F48A51C-E8F5-48E2-8BDD-625EF00D11B8}.Debug|x86.ActiveCfg = Debug|Any CPU
		{5F48A51C-E8F5-48E2-8BDD-625EF00D11B8}.Release|Any CPU.ActiveCfg = Release|Any CPU
		{5F48A51C-E8F5-48E2-8BDD-625EF00D11B8}.Release|Any CPU.Build.0 = Release|Any CPU
		{5F48A51C-E8F5-48E2-8BDD-625EF00D11B8}.Release|Mixed Platforms.ActiveCfg = Release|Any CPU
		{5F48A51C-E8F5-48E2-8BDD-625EF00D11B8}.Release|Mixed Platforms.Build.0 = Release|Any CPU
		{5F48A51C-E8F5-48E2-8BDD-625EF00D11B8}.Release|x86.ActiveCfg = Release|Any CPU
		{0055E74E-81CA-46ED-9173-B14D422807D3}.Debug|Any CPU.ActiveCfg = Debug|Any CPU
		{0055E74E-81CA-46ED-9173-B14D422807D3}.Debug|Any CPU.Build.0 = Debug|Any CPU
		{0055E74E-81CA-46ED-9173-B14D422807D3}.Debug|Mixed Platforms.ActiveCfg = Debug|Any CPU
		{0055E74E-81CA-46ED-9173-B14D422807D3}.Debug|Mixed Platforms.Build.0 = Debug|Any CPU
		{0055E74E-81CA-46ED-9173-B14D422807D3}.Debug|x86.ActiveCfg = Debug|Any CPU
		{0055E74E-81CA-46ED-9173-B14D422807D3}.Release|Any CPU.ActiveCfg = Release|Any CPU
		{0055E74E-81CA-46ED-9173-B14D422807D3}.Release|Any CPU.Build.0 = Release|Any CPU
		{0055E74E-81CA-46ED-9173-B14D422807D3}.Release|Mixed Platforms.ActiveCfg = Release|Any CPU
		{0055E74E-81CA-46ED-9173-B14D422807D3}.Release|Mixed Platforms.Build.0 = Release|Any CPU
		{0055E74E-81CA-46ED-9173-B14D422807D3}.Release|x86.ActiveCfg = Release|Any CPU
		{3616DC8F-1BE6-4A25-BB55-A7FD49B2CFBD}.Debug|Any CPU.ActiveCfg = Debug|Any CPU
		{3616DC8F-1BE6-4A25-BB55-A7FD49B2CFBD}.Debug|Any CPU.Build.0 = Debug|Any CPU
		{3616DC8F-1BE6-4A25-BB55-A7FD49B2CFBD}.Debug|Mixed Platforms.ActiveCfg = Debug|Any CPU
		{3616DC8F-1BE6-4A25-BB55-A7FD49B2CFBD}.Debug|Mixed Platforms.Build.0 = Debug|Any CPU
		{3616DC8F-1BE6-4A25-BB55-A7FD49B2CFBD}.Debug|x86.ActiveCfg = Debug|Any CPU
		{3616DC8F-1BE6-4A25-BB55-A7FD49B2CFBD}.Release|Any CPU.ActiveCfg = Release|Any CPU
		{3616DC8F-1BE6-4A25-BB55-A7FD49B2CFBD}.Release|Any CPU.Build.0 = Release|Any CPU
		{3616DC8F-1BE6-4A25-BB55-A7FD49B2CFBD}.Release|Mixed Platforms.ActiveCfg = Release|Any CPU
		{3616DC8F-1BE6-4A25-BB55-A7FD49B2CFBD}.Release|Mixed Platforms.Build.0 = Release|Any CPU
		{3616DC8F-1BE6-4A25-BB55-A7FD49B2CFBD}.Release|x86.ActiveCfg = Release|Any CPU
	EndGlobalSection
	GlobalSection(SolutionProperties) = preSolution
		HideSolutionNode = FALSE
	EndGlobalSection
	GlobalSection(NestedProjects) = preSolution
		{C9FDEDF4-5AB2-4A09-842C-91ACC4484624} = {326E39FC-94D4-4D5D-BDB3-7DDAA81AAAD2}
		{58C31EEF-8C73-4FA3-B835-75F611A2FD1A} = {F3F7214C-18C1-4735-9CBA-DFA12BC623C4}
		{556A2AA7-BFA8-40B7-8C3A-80BF01D336EE} = {F3F7214C-18C1-4735-9CBA-DFA12BC623C4}
		{CECB90A8-A1FB-4A51-BE71-7D9E5651FAF4} = {F3F7214C-18C1-4735-9CBA-DFA12BC623C4}
		{0055E74E-81CA-46ED-9173-B14D422807D3} = {7E7BD66F-1F10-48AA-A5E5-D443BF6710A1}
		{2F84DE87-2096-44E0-A46F-6EE92916C49F} = {7E7BD66F-1F10-48AA-A5E5-D443BF6710A1}
		{3616DC8F-1BE6-4A25-BB55-A7FD49B2CFBD} = {7E7BD66F-1F10-48AA-A5E5-D443BF6710A1}
		{A618E92E-5AF3-4E47-821A-16BACA133CFE} = {D768F544-B122-49AF-B0B2-DB4D2BC765AC}
		{F68B7096-6BAA-49E3-B40E-409CEEA18401} = {A618E92E-5AF3-4E47-821A-16BACA133CFE}
		{95C0B890-4442-4D07-9E7B-50278C1CE421} = {A618E92E-5AF3-4E47-821A-16BACA133CFE}
		{C1F8A0CE-C84E-455C-8F86-861667F4FBE7} = {A618E92E-5AF3-4E47-821A-16BACA133CFE}
		{0B059BD9-552A-481F-86AE-BC446AC2A2F0} = {A618E92E-5AF3-4E47-821A-16BACA133CFE}
		{5F48A51C-E8F5-48E2-8BDD-625EF00D11B8} = {8AF863CD-26A2-414C-B3FB-465FBBA726D5}
	EndGlobalSection
EndGlobal
