
Microsoft Visual Studio Solution File, Format Version 12.00
# Visual Studio 2013
VisualStudioVersion = 12.0.31101.0
MinimumVisualStudioVersion = 10.0.40219.1
Project("{FAE04EC0-301F-11D3-BF4B-00C04F79EFBC}") = "CGReportSample", "CGReportSample\CGReportSample.csproj", "{F2602C45-B351-423E-B3E9-E74A38DE2A82}"
EndProject
Project("{FAE04EC0-301F-11D3-BF4B-00C04F79EFBC}") = "Expression", "Expression\Expression.csproj", "{BF7B6137-978B-4309-9FE8-E7322E721A3B}"
EndProject
Project("{FAE04EC0-301F-11D3-BF4B-00C04F79EFBC}") = "DataTableSample", "DataTableSample\DataTableSample.csproj", "{D77737F3-DC43-4C39-AB9E-58C4F990415F}"
EndProject
Project("{FAE04EC0-301F-11D3-BF4B-00C04F79EFBC}") = "HashtableToHtml", "HashtableToHtml\HashtableToHtml.csproj", "{122F4C21-67DC-49FB-AFD2-FE1CAD06F86F}"
EndProject
Project("{FAE04EC0-301F-11D3-BF4B-00C04F79EFBC}") = "CreateDataUseEF", "CreateDataUseEF\CreateDataUseEF.csproj", "{2F84DE87-2096-44E0-A46F-6EE92916C49F}"
EndProject
Project("{FAE04EC0-301F-11D3-BF4B-00C04F79EFBC}") = "JQueryEasyUI", "JQueryEasyUI\JQueryEasyUI.csproj", "{58C31EEF-8C73-4FA3-B835-75F611A2FD1A}"
EndProject
Project("{2150E333-8FDC-42A3-9474-1A3956D46DE8}") = ".nuget", ".nuget", "{89238754-E82C-4E9A-9B88-ABF111DF674D}"
	ProjectSection(SolutionItems) = preProject
		.nuget\NuGet.Config = .nuget\NuGet.Config
		.nuget\NuGet.exe = .nuget\NuGet.exe
		.nuget\NuGet.targets = .nuget\NuGet.targets
	EndProjectSection
EndProject
Project("{FAE04EC0-301F-11D3-BF4B-00C04F79EFBC}") = "ExceptionSample", "ExceptionSample\ExceptionSample.csproj", "{D5FF4E6A-788F-4193-B75A-95D3DB88EBC8}"
EndProject
Project("{2150E333-8FDC-42A3-9474-1A3956D46DE8}") = "Log4net", "Log4net", "{A618E92E-5AF3-4E47-821A-16BACA133CFE}"
EndProject
Project("{FAE04EC0-301F-11D3-BF4B-00C04F79EFBC}") = "log4netTest_RollingLogFileAppender", "log4netTest_RollingLogFileAppender\log4netTest_RollingLogFileAppender.csproj", "{F68B7096-6BAA-49E3-B40E-409CEEA18401}"
EndProject
Project("{FAE04EC0-301F-11D3-BF4B-00C04F79EFBC}") = "logTest", "logTest\logTest.csproj", "{95C0B890-4442-4D07-9E7B-50278C1CE421}"
EndProject
Project("{FAE04EC0-301F-11D3-BF4B-00C04F79EFBC}") = "logToAccess", "logToAccess\logToAccess.csproj", "{C1F8A0CE-C84E-455C-8F86-861667F4FBE7}"
EndProject
Project("{FAE04EC0-301F-11D3-BF4B-00C04F79EFBC}") = "logToSqlserver", "logToSqlserver\logToSqlserver.csproj", "{0B059BD9-552A-481F-86AE-BC446AC2A2F0}"
EndProject
Project("{FAE04EC0-301F-11D3-BF4B-00C04F79EFBC}") = "EntityGenerator", "EntityGenerator\EntityGenerator.csproj", "{0055E74E-81CA-46ED-9173-B14D422807D3}"
EndProject
Project("{2150E333-8FDC-42A3-9474-1A3956D46DE8}") = "ORM", "ORM", "{7E7BD66F-1F10-48AA-A5E5-D443BF6710A1}"
EndProject
Project("{FAE04EC0-301F-11D3-BF4B-00C04F79EFBC}") = "CodeGenerator", "CodeGenerator\CodeGenerator.csproj", "{3616DC8F-1BE6-4A25-BB55-A7FD49B2CFBD}"
EndProject
Project("{FAE04EC0-301F-11D3-BF4B-00C04F79EFBC}") = "ImportExport", "ImportExport\ImportExport.csproj", "{AE755FC3-3272-43E1-8691-EA3F09988773}"
EndProject
Project("{888888A0-9F3D-457C-B088-3A5042F75D52}") = "LoadModelDynamic", "LoadModelDynamic\LoadModelDynamic.pyproj", "{515D8588-A8DF-4235-B8EA-3ACAF608F37C}"
EndProject
Project("{2150E333-8FDC-42A3-9474-1A3956D46DE8}") = "DOTNET", "DOTNET", "{99526BBF-3B47-4A3C-93C1-2C20EF64CA08}"
EndProject
Project("{2150E333-8FDC-42A3-9474-1A3956D46DE8}") = "Python", "Python", "{12E4E514-4294-4502-A12B-672D49685A13}"
EndProject
Project("{888888A0-9F3D-457C-B088-3A5042F75D52}") = "SqlalchemySample", "SqlalchemySample\SqlalchemySample.pyproj", "{1CDAAC05-2D07-40AD-840F-1A5BBDFD5D9A}"
EndProject
Project("{FAE04EC0-301F-11D3-BF4B-00C04F79EFBC}") = "logDiffFileByLeavel", "logDiffFileByLeavel\logDiffFileByLeavel.csproj", "{712C1BF4-223B-44E9-A789-C07CC61B7FB7}"
EndProject
Global
	GlobalSection(SolutionConfigurationPlatforms) = preSolution
		Debug|Any CPU = Debug|Any CPU
		Debug|Mixed Platforms = Debug|Mixed Platforms
		Debug|x86 = Debug|x86
		Release|Any CPU = Release|Any CPU
		Release|Mixed Platforms = Release|Mixed Platforms
		Release|x86 = Release|x86
	EndGlobalSection
	GlobalSection(ProjectConfigurationPlatforms) = postSolution
		{F2602C45-B351-423E-B3E9-E74A38DE2A82}.Debug|Any CPU.ActiveCfg = Debug|Any CPU
		{F2602C45-B351-423E-B3E9-E74A38DE2A82}.Debug|Any CPU.Build.0 = Debug|Any CPU
		{F2602C45-B351-423E-B3E9-E74A38DE2A82}.Debug|Mixed Platforms.ActiveCfg = Debug|Any CPU
		{F2602C45-B351-423E-B3E9-E74A38DE2A82}.Debug|x86.ActiveCfg = Debug|Any CPU
		{F2602C45-B351-423E-B3E9-E74A38DE2A82}.Release|Any CPU.ActiveCfg = Release|Any CPU
		{F2602C45-B351-423E-B3E9-E74A38DE2A82}.Release|Any CPU.Build.0 = Release|Any CPU
		{F2602C45-B351-423E-B3E9-E74A38DE2A82}.Release|Mixed Platforms.ActiveCfg = Release|Any CPU
		{F2602C45-B351-423E-B3E9-E74A38DE2A82}.Release|x86.ActiveCfg = Release|Any CPU
		{BF7B6137-978B-4309-9FE8-E7322E721A3B}.Debug|Any CPU.ActiveCfg = Debug|Any CPU
		{BF7B6137-978B-4309-9FE8-E7322E721A3B}.Debug|Any CPU.Build.0 = Debug|Any CPU
		{BF7B6137-978B-4309-9FE8-E7322E721A3B}.Debug|Mixed Platforms.ActiveCfg = Debug|Any CPU
		{BF7B6137-978B-4309-9FE8-E7322E721A3B}.Debug|x86.ActiveCfg = Debug|Any CPU
		{BF7B6137-978B-4309-9FE8-E7322E721A3B}.Release|Any CPU.ActiveCfg = Release|Any CPU
		{BF7B6137-978B-4309-9FE8-E7322E721A3B}.Release|Any CPU.Build.0 = Release|Any CPU
		{BF7B6137-978B-4309-9FE8-E7322E721A3B}.Release|Mixed Platforms.ActiveCfg = Release|Any CPU
		{BF7B6137-978B-4309-9FE8-E7322E721A3B}.Release|x86.ActiveCfg = Release|Any CPU
		{D77737F3-DC43-4C39-AB9E-58C4F990415F}.Debug|Any CPU.ActiveCfg = Debug|Any CPU
		{D77737F3-DC43-4C39-AB9E-58C4F990415F}.Debug|Any CPU.Build.0 = Debug|Any CPU
		{D77737F3-DC43-4C39-AB9E-58C4F990415F}.Debug|Mixed Platforms.ActiveCfg = Debug|Any CPU
		{D77737F3-DC43-4C39-AB9E-58C4F990415F}.Debug|x86.ActiveCfg = Debug|Any CPU
		{D77737F3-DC43-4C39-AB9E-58C4F990415F}.Release|Any CPU.ActiveCfg = Release|Any CPU
		{D77737F3-DC43-4C39-AB9E-58C4F990415F}.Release|Any CPU.Build.0 = Release|Any CPU
		{D77737F3-DC43-4C39-AB9E-58C4F990415F}.Release|Mixed Platforms.ActiveCfg = Release|Any CPU
		{D77737F3-DC43-4C39-AB9E-58C4F990415F}.Release|x86.ActiveCfg = Release|Any CPU
		{122F4C21-67DC-49FB-AFD2-FE1CAD06F86F}.Debug|Any CPU.ActiveCfg = Debug|Any CPU
		{122F4C21-67DC-49FB-AFD2-FE1CAD06F86F}.Debug|Any CPU.Build.0 = Debug|Any CPU
		{122F4C21-67DC-49FB-AFD2-FE1CAD06F86F}.Debug|Mixed Platforms.ActiveCfg = Debug|Any CPU
		{122F4C21-67DC-49FB-AFD2-FE1CAD06F86F}.Debug|x86.ActiveCfg = Debug|Any CPU
		{122F4C21-67DC-49FB-AFD2-FE1CAD06F86F}.Release|Any CPU.ActiveCfg = Release|Any CPU
		{122F4C21-67DC-49FB-AFD2-FE1CAD06F86F}.Release|Any CPU.Build.0 = Release|Any CPU
		{122F4C21-67DC-49FB-AFD2-FE1CAD06F86F}.Release|Mixed Platforms.ActiveCfg = Release|Any CPU
		{122F4C21-67DC-49FB-AFD2-FE1CAD06F86F}.Release|x86.ActiveCfg = Release|Any CPU
		{2F84DE87-2096-44E0-A46F-6EE92916C49F}.Debug|Any CPU.ActiveCfg = Debug|Any CPU
		{2F84DE87-2096-44E0-A46F-6EE92916C49F}.Debug|Any CPU.Build.0 = Debug|Any CPU
		{2F84DE87-2096-44E0-A46F-6EE92916C49F}.Debug|Mixed Platforms.ActiveCfg = Debug|Any CPU
		{2F84DE87-2096-44E0-A46F-6EE92916C49F}.Debug|x86.ActiveCfg = Debug|Any CPU
		{2F84DE87-2096-44E0-A46F-6EE92916C49F}.Release|Any CPU.ActiveCfg = Release|Any CPU
		{2F84DE87-2096-44E0-A46F-6EE92916C49F}.Release|Any CPU.Build.0 = Release|Any CPU
		{2F84DE87-2096-44E0-A46F-6EE92916C49F}.Release|Mixed Platforms.ActiveCfg = Release|Any CPU
		{2F84DE87-2096-44E0-A46F-6EE92916C49F}.Release|x86.ActiveCfg = Release|Any CPU
		{58C31EEF-8C73-4FA3-B835-75F611A2FD1A}.Debug|Any CPU.ActiveCfg = Debug|Any CPU
		{58C31EEF-8C73-4FA3-B835-75F611A2FD1A}.Debug|Any CPU.Build.0 = Debug|Any CPU
		{58C31EEF-8C73-4FA3-B835-75F611A2FD1A}.Debug|Mixed Platforms.ActiveCfg = Debug|Any CPU
		{58C31EEF-8C73-4FA3-B835-75F611A2FD1A}.Debug|Mixed Platforms.Build.0 = Debug|Any CPU
		{58C31EEF-8C73-4FA3-B835-75F611A2FD1A}.Debug|x86.ActiveCfg = Debug|Any CPU
		{58C31EEF-8C73-4FA3-B835-75F611A2FD1A}.Release|Any CPU.ActiveCfg = Release|Any CPU
		{58C31EEF-8C73-4FA3-B835-75F611A2FD1A}.Release|Any CPU.Build.0 = Release|Any CPU
		{58C31EEF-8C73-4FA3-B835-75F611A2FD1A}.Release|Mixed Platforms.ActiveCfg = Release|Any CPU
		{58C31EEF-8C73-4FA3-B835-75F611A2FD1A}.Release|Mixed Platforms.Build.0 = Release|Any CPU
		{58C31EEF-8C73-4FA3-B835-75F611A2FD1A}.Release|x86.ActiveCfg = Release|Any CPU
		{D5FF4E6A-788F-4193-B75A-95D3DB88EBC8}.Debug|Any CPU.ActiveCfg = Debug|Any CPU
		{D5FF4E6A-788F-4193-B75A-95D3DB88EBC8}.Debug|Any CPU.Build.0 = Debug|Any CPU
		{D5FF4E6A-788F-4193-B75A-95D3DB88EBC8}.Debug|Mixed Platforms.ActiveCfg = Debug|Any CPU
		{D5FF4E6A-788F-4193-B75A-95D3DB88EBC8}.Debug|Mixed Platforms.Build.0 = Debug|Any CPU
		{D5FF4E6A-788F-4193-B75A-95D3DB88EBC8}.Debug|x86.ActiveCfg = Debug|Any CPU
		{D5FF4E6A-788F-4193-B75A-95D3DB88EBC8}.Release|Any CPU.ActiveCfg = Release|Any CPU
		{D5FF4E6A-788F-4193-B75A-95D3DB88EBC8}.Release|Any CPU.Build.0 = Release|Any CPU
		{D5FF4E6A-788F-4193-B75A-95D3DB88EBC8}.Release|Mixed Platforms.ActiveCfg = Release|Any CPU
		{D5FF4E6A-788F-4193-B75A-95D3DB88EBC8}.Release|Mixed Platforms.Build.0 = Release|Any CPU
		{D5FF4E6A-788F-4193-B75A-95D3DB88EBC8}.Release|x86.ActiveCfg = Release|Any CPU
		{F68B7096-6BAA-49E3-B40E-409CEEA18401}.Debug|Any CPU.ActiveCfg = Debug|x86
		{F68B7096-6BAA-49E3-B40E-409CEEA18401}.Debug|Mixed Platforms.ActiveCfg = Debug|x86
		{F68B7096-6BAA-49E3-B40E-409CEEA18401}.Debug|Mixed Platforms.Build.0 = Debug|x86
		{F68B7096-6BAA-49E3-B40E-409CEEA18401}.Debug|x86.ActiveCfg = Debug|x86
		{F68B7096-6BAA-49E3-B40E-409CEEA18401}.Debug|x86.Build.0 = Debug|x86
		{F68B7096-6BAA-49E3-B40E-409CEEA18401}.Release|Any CPU.ActiveCfg = Release|x86
		{F68B7096-6BAA-49E3-B40E-409CEEA18401}.Release|Mixed Platforms.ActiveCfg = Release|x86
		{F68B7096-6BAA-49E3-B40E-409CEEA18401}.Release|Mixed Platforms.Build.0 = Release|x86
		{F68B7096-6BAA-49E3-B40E-409CEEA18401}.Release|x86.ActiveCfg = Release|x86
		{F68B7096-6BAA-49E3-B40E-409CEEA18401}.Release|x86.Build.0 = Release|x86
		{95C0B890-4442-4D07-9E7B-50278C1CE421}.Debug|Any CPU.ActiveCfg = Debug|Any CPU
		{95C0B890-4442-4D07-9E7B-50278C1CE421}.Debug|Any CPU.Build.0 = Debug|Any CPU
		{95C0B890-4442-4D07-9E7B-50278C1CE421}.Debug|Mixed Platforms.ActiveCfg = Debug|Any CPU
		{95C0B890-4442-4D07-9E7B-50278C1CE421}.Debug|Mixed Platforms.Build.0 = Debug|Any CPU
		{95C0B890-4442-4D07-9E7B-50278C1CE421}.Debug|x86.ActiveCfg = Debug|Any CPU
		{95C0B890-4442-4D07-9E7B-50278C1CE421}.Release|Any CPU.ActiveCfg = Release|Any CPU
		{95C0B890-4442-4D07-9E7B-50278C1CE421}.Release|Any CPU.Build.0 = Release|Any CPU
		{95C0B890-4442-4D07-9E7B-50278C1CE421}.Release|Mixed Platforms.ActiveCfg = Release|Any CPU
		{95C0B890-4442-4D07-9E7B-50278C1CE421}.Release|Mixed Platforms.Build.0 = Release|Any CPU
		{95C0B890-4442-4D07-9E7B-50278C1CE421}.Release|x86.ActiveCfg = Release|Any CPU
		{C1F8A0CE-C84E-455C-8F86-861667F4FBE7}.Debug|Any CPU.ActiveCfg = Debug|Any CPU
		{C1F8A0CE-C84E-455C-8F86-861667F4FBE7}.Debug|Any CPU.Build.0 = Debug|Any CPU
		{C1F8A0CE-C84E-455C-8F86-861667F4FBE7}.Debug|Mixed Platforms.ActiveCfg = Debug|Any CPU
		{C1F8A0CE-C84E-455C-8F86-861667F4FBE7}.Debug|Mixed Platforms.Build.0 = Debug|Any CPU
		{C1F8A0CE-C84E-455C-8F86-861667F4FBE7}.Debug|x86.ActiveCfg = Debug|Any CPU
		{C1F8A0CE-C84E-455C-8F86-861667F4FBE7}.Release|Any CPU.ActiveCfg = Release|Any CPU
		{C1F8A0CE-C84E-455C-8F86-861667F4FBE7}.Release|Any CPU.Build.0 = Release|Any CPU
		{C1F8A0CE-C84E-455C-8F86-861667F4FBE7}.Release|Mixed Platforms.ActiveCfg = Release|Any CPU
		{C1F8A0CE-C84E-455C-8F86-861667F4FBE7}.Release|Mixed Platforms.Build.0 = Release|Any CPU
		{C1F8A0CE-C84E-455C-8F86-861667F4FBE7}.Release|x86.ActiveCfg = Release|Any CPU
		{0B059BD9-552A-481F-86AE-BC446AC2A2F0}.Debug|Any CPU.ActiveCfg = Debug|Any CPU
		{0B059BD9-552A-481F-86AE-BC446AC2A2F0}.Debug|Any CPU.Build.0 = Debug|Any CPU
		{0B059BD9-552A-481F-86AE-BC446AC2A2F0}.Debug|Mixed Platforms.ActiveCfg = Debug|Any CPU
		{0B059BD9-552A-481F-86AE-BC446AC2A2F0}.Debug|Mixed Platforms.Build.0 = Debug|Any CPU
		{0B059BD9-552A-481F-86AE-BC446AC2A2F0}.Debug|x86.ActiveCfg = Debug|Any CPU
		{0B059BD9-552A-481F-86AE-BC446AC2A2F0}.Release|Any CPU.ActiveCfg = Release|Any CPU
		{0B059BD9-552A-481F-86AE-BC446AC2A2F0}.Release|Any CPU.Build.0 = Release|Any CPU
		{0B059BD9-552A-481F-86AE-BC446AC2A2F0}.Release|Mixed Platforms.ActiveCfg = Release|Any CPU
		{0B059BD9-552A-481F-86AE-BC446AC2A2F0}.Release|Mixed Platforms.Build.0 = Release|Any CPU
		{0B059BD9-552A-481F-86AE-BC446AC2A2F0}.Release|x86.ActiveCfg = Release|Any CPU
		{0055E74E-81CA-46ED-9173-B14D422807D3}.Debug|Any CPU.ActiveCfg = Debug|Any CPU
		{0055E74E-81CA-46ED-9173-B14D422807D3}.Debug|Any CPU.Build.0 = Debug|Any CPU
		{0055E74E-81CA-46ED-9173-B14D422807D3}.Debug|Mixed Platforms.ActiveCfg = Debug|Any CPU
		{0055E74E-81CA-46ED-9173-B14D422807D3}.Debug|Mixed Platforms.Build.0 = Debug|Any CPU
		{0055E74E-81CA-46ED-9173-B14D422807D3}.Debug|x86.ActiveCfg = Debug|Any CPU
		{0055E74E-81CA-46ED-9173-B14D422807D3}.Release|Any CPU.ActiveCfg = Release|Any CPU
		{0055E74E-81CA-46ED-9173-B14D422807D3}.Release|Any CPU.Build.0 = Release|Any CPU
		{0055E74E-81CA-46ED-9173-B14D422807D3}.Release|Mixed Platforms.ActiveCfg = Release|Any CPU
		{0055E74E-81CA-46ED-9173-B14D422807D3}.Release|Mixed Platforms.Build.0 = Release|Any CPU
		{0055E74E-81CA-46ED-9173-B14D422807D3}.Release|x86.ActiveCfg = Release|Any CPU
		{3616DC8F-1BE6-4A25-BB55-A7FD49B2CFBD}.Debug|Any CPU.ActiveCfg = Debug|Any CPU
		{3616DC8F-1BE6-4A25-BB55-A7FD49B2CFBD}.Debug|Any CPU.Build.0 = Debug|Any CPU
		{3616DC8F-1BE6-4A25-BB55-A7FD49B2CFBD}.Debug|Mixed Platforms.ActiveCfg = Debug|Any CPU
		{3616DC8F-1BE6-4A25-BB55-A7FD49B2CFBD}.Debug|Mixed Platforms.Build.0 = Debug|Any CPU
		{3616DC8F-1BE6-4A25-BB55-A7FD49B2CFBD}.Debug|x86.ActiveCfg = Debug|Any CPU
		{3616DC8F-1BE6-4A25-BB55-A7FD49B2CFBD}.Release|Any CPU.ActiveCfg = Release|Any CPU
		{3616DC8F-1BE6-4A25-BB55-A7FD49B2CFBD}.Release|Any CPU.Build.0 = Release|Any CPU
		{3616DC8F-1BE6-4A25-BB55-A7FD49B2CFBD}.Release|Mixed Platforms.ActiveCfg = Release|Any CPU
		{3616DC8F-1BE6-4A25-BB55-A7FD49B2CFBD}.Release|Mixed Platforms.Build.0 = Release|Any CPU
		{3616DC8F-1BE6-4A25-BB55-A7FD49B2CFBD}.Release|x86.ActiveCfg = Release|Any CPU
		{AE755FC3-3272-43E1-8691-EA3F09988773}.Debug|Any CPU.ActiveCfg = Debug|Any CPU
		{AE755FC3-3272-43E1-8691-EA3F09988773}.Debug|Any CPU.Build.0 = Debug|Any CPU
		{AE755FC3-3272-43E1-8691-EA3F09988773}.Debug|Mixed Platforms.ActiveCfg = Debug|Any CPU
		{AE755FC3-3272-43E1-8691-EA3F09988773}.Debug|Mixed Platforms.Build.0 = Debug|Any CPU
		{AE755FC3-3272-43E1-8691-EA3F09988773}.Debug|x86.ActiveCfg = Debug|Any CPU
		{AE755FC3-3272-43E1-8691-EA3F09988773}.Release|Any CPU.ActiveCfg = Release|Any CPU
		{AE755FC3-3272-43E1-8691-EA3F09988773}.Release|Any CPU.Build.0 = Release|Any CPU
		{AE755FC3-3272-43E1-8691-EA3F09988773}.Release|Mixed Platforms.ActiveCfg = Release|Any CPU
		{AE755FC3-3272-43E1-8691-EA3F09988773}.Release|Mixed Platforms.Build.0 = Release|Any CPU
		{AE755FC3-3272-43E1-8691-EA3F09988773}.Release|x86.ActiveCfg = Release|Any CPU
		{515D8588-A8DF-4235-B8EA-3ACAF608F37C}.Debug|Any CPU.ActiveCfg = Debug|Any CPU
		{515D8588-A8DF-4235-B8EA-3ACAF608F37C}.Debug|Mixed Platforms.ActiveCfg = Debug|Any CPU
		{515D8588-A8DF-4235-B8EA-3ACAF608F37C}.Debug|x86.ActiveCfg = Debug|Any CPU
		{515D8588-A8DF-4235-B8EA-3ACAF608F37C}.Release|Any CPU.ActiveCfg = Release|Any CPU
		{515D8588-A8DF-4235-B8EA-3ACAF608F37C}.Release|Mixed Platforms.ActiveCfg = Release|Any CPU
		{515D8588-A8DF-4235-B8EA-3ACAF608F37C}.Release|x86.ActiveCfg = Release|Any CPU
		{1CDAAC05-2D07-40AD-840F-1A5BBDFD5D9A}.Debug|Any CPU.ActiveCfg = Debug|Any CPU
		{1CDAAC05-2D07-40AD-840F-1A5BBDFD5D9A}.Debug|Mixed Platforms.ActiveCfg = Debug|Any CPU
		{1CDAAC05-2D07-40AD-840F-1A5BBDFD5D9A}.Debug|x86.ActiveCfg = Debug|Any CPU
		{1CDAAC05-2D07-40AD-840F-1A5BBDFD5D9A}.Release|Any CPU.ActiveCfg = Release|Any CPU
		{1CDAAC05-2D07-40AD-840F-1A5BBDFD5D9A}.Release|Mixed Platforms.ActiveCfg = Release|Any CPU
		{1CDAAC05-2D07-40AD-840F-1A5BBDFD5D9A}.Release|x86.ActiveCfg = Release|Any CPU
		{712C1BF4-223B-44E9-A789-C07CC61B7FB7}.Debug|Any CPU.ActiveCfg = Debug|Any CPU
		{712C1BF4-223B-44E9-A789-C07CC61B7FB7}.Debug|Any CPU.Build.0 = Debug|Any CPU
		{712C1BF4-223B-44E9-A789-C07CC61B7FB7}.Debug|Mixed Platforms.ActiveCfg = Debug|Any CPU
		{712C1BF4-223B-44E9-A789-C07CC61B7FB7}.Debug|Mixed Platforms.Build.0 = Debug|Any CPU
		{712C1BF4-223B-44E9-A789-C07CC61B7FB7}.Debug|x86.ActiveCfg = Debug|Any CPU
		{712C1BF4-223B-44E9-A789-C07CC61B7FB7}.Release|Any CPU.ActiveCfg = Release|Any CPU
		{712C1BF4-223B-44E9-A789-C07CC61B7FB7}.Release|Any CPU.Build.0 = Release|Any CPU
		{712C1BF4-223B-44E9-A789-C07CC61B7FB7}.Release|Mixed Platforms.ActiveCfg = Release|Any CPU
		{712C1BF4-223B-44E9-A789-C07CC61B7FB7}.Release|Mixed Platforms.Build.0 = Release|Any CPU
		{712C1BF4-223B-44E9-A789-C07CC61B7FB7}.Release|x86.ActiveCfg = Release|Any CPU
	EndGlobalSection
	GlobalSection(SolutionProperties) = preSolution
		HideSolutionNode = FALSE
	EndGlobalSection
	GlobalSection(NestedProjects) = preSolution
		{F2602C45-B351-423E-B3E9-E74A38DE2A82} = {99526BBF-3B47-4A3C-93C1-2C20EF64CA08}
		{BF7B6137-978B-4309-9FE8-E7322E721A3B} = {99526BBF-3B47-4A3C-93C1-2C20EF64CA08}
		{D77737F3-DC43-4C39-AB9E-58C4F990415F} = {99526BBF-3B47-4A3C-93C1-2C20EF64CA08}
		{122F4C21-67DC-49FB-AFD2-FE1CAD06F86F} = {99526BBF-3B47-4A3C-93C1-2C20EF64CA08}
		{2F84DE87-2096-44E0-A46F-6EE92916C49F} = {7E7BD66F-1F10-48AA-A5E5-D443BF6710A1}
		{58C31EEF-8C73-4FA3-B835-75F611A2FD1A} = {99526BBF-3B47-4A3C-93C1-2C20EF64CA08}
		{D5FF4E6A-788F-4193-B75A-95D3DB88EBC8} = {99526BBF-3B47-4A3C-93C1-2C20EF64CA08}
		{A618E92E-5AF3-4E47-821A-16BACA133CFE} = {99526BBF-3B47-4A3C-93C1-2C20EF64CA08}
		{F68B7096-6BAA-49E3-B40E-409CEEA18401} = {A618E92E-5AF3-4E47-821A-16BACA133CFE}
		{95C0B890-4442-4D07-9E7B-50278C1CE421} = {A618E92E-5AF3-4E47-821A-16BACA133CFE}
		{C1F8A0CE-C84E-455C-8F86-861667F4FBE7} = {A618E92E-5AF3-4E47-821A-16BACA133CFE}
		{0B059BD9-552A-481F-86AE-BC446AC2A2F0} = {A618E92E-5AF3-4E47-821A-16BACA133CFE}
		{0055E74E-81CA-46ED-9173-B14D422807D3} = {7E7BD66F-1F10-48AA-A5E5-D443BF6710A1}
		{7E7BD66F-1F10-48AA-A5E5-D443BF6710A1} = {99526BBF-3B47-4A3C-93C1-2C20EF64CA08}
		{3616DC8F-1BE6-4A25-BB55-A7FD49B2CFBD} = {7E7BD66F-1F10-48AA-A5E5-D443BF6710A1}
		{AE755FC3-3272-43E1-8691-EA3F09988773} = {99526BBF-3B47-4A3C-93C1-2C20EF64CA08}
		{515D8588-A8DF-4235-B8EA-3ACAF608F37C} = {12E4E514-4294-4502-A12B-672D49685A13}
		{1CDAAC05-2D07-40AD-840F-1A5BBDFD5D9A} = {12E4E514-4294-4502-A12B-672D49685A13}
		{712C1BF4-223B-44E9-A789-C07CC61B7FB7} = {A618E92E-5AF3-4E47-821A-16BACA133CFE}
	EndGlobalSection
EndGlobal
